
Microsoft Visual Studio Solution File, Format Version 12.00
# Visual Studio 15
VisualStudioVersion = 15.0.28307.1231
MinimumVisualStudioVersion = 10.0.40219.1
Project("{FAE04EC0-301F-11D3-BF4B-00C04F79EFBC}") = "Answer 2", "Answer 2\Answer 2.csproj", "{BF4FF520-5E7E-4D0F-A12D-BB2BDAFE4432}"
EndProject
Global
	GlobalSection(SolutionConfigurationPlatforms) = preSolution
		Debug|Any CPU = Debug|Any CPU
		Release|Any CPU = Release|Any CPU
	EndGlobalSection
	GlobalSection(ProjectConfigurationPlatforms) = postSolution
		{BF4FF520-5E7E-4D0F-A12D-BB2BDAFE4432}.Debug|Any CPU.ActiveCfg = Debug|Any CPU
		{BF4FF520-5E7E-4D0F-A12D-BB2BDAFE4432}.Debug|Any CPU.Build.0 = Debug|Any CPU
		{BF4FF520-5E7E-4D0F-A12D-BB2BDAFE4432}.Release|Any CPU.ActiveCfg = Release|Any CPU
		{BF4FF520-5E7E-4D0F-A12D-BB2BDAFE4432}.Release|Any CPU.Build.0 = Release|Any CPU
	EndGlobalSection
	GlobalSection(SolutionProperties) = preSolution
		HideSolutionNode = FALSE
	EndGlobalSection
	GlobalSection(ExtensibilityGlobals) = postSolution
		SolutionGuid = {97789FBB-5800-4C8D-922E-F80BB32EE7C0}
	EndGlobalSection
EndGlobal
